{
  "version": 4,
  "terraform_version": "1.4.5",
  "serial": 97,
  "lineage": "0ba98ec4-9b9b-681a-e617-531e6e9ab121",
  "outputs": {},
  "resources": [
    {
      "mode": "data",
      "type": "aws_eks_cluster",
      "name": "my_eks_cluster",
      "provider": "provider[\"registry.terraform.io/hashicorp/aws\"]",
      "instances": [
        {
          "schema_version": 0,
          "attributes": {
            "arn": "arn:aws:eks:us-east-1:801455127377:cluster/2021-dev-EKS",
            "certificate_authority": [
              {
                "data": "LS0tLS1CRUdJTiBDRVJUSUZJQ0FURS0tLS0tCk1JSUMvakNDQWVhZ0F3SUJBZ0lCQURBTkJna3Foa2lHOXcwQkFRc0ZBREFWTVJNd0VRWURWUVFERXdwcmRXSmwKY201bGRHVnpNQjRYRFRJME1ERXhNVEl4TURNMU5Gb1hEVE0wTURFd09ESXhNRE0xTkZvd0ZURVRNQkVHQTFVRQpBeE1LYTNWaVpYSnVaWFJsY3pDQ0FTSXdEUVlKS29aSWh2Y05BUUVCQlFBRGdnRVBBRENDQVFvQ2dnRUJBSmEyCjVXVHBPUmk4M0YxUlhzSHBzVnU5RUlNUW1ROFVGek1CVWNjYUx4MnViUGd4UnllTnpTMDV2TjhmYU0yNUxsclIKckE1YjZ4VG5SNVVBb015TDZMTEhCSVpmcGlHRTBjWkVGTzBERFZRU08yUS9wRGw5cTRubE9KRytldDBGQ01XbgpSYWpwVmxzUUtBSFpNRkhjM0tVbVJFMFZ2eGNEcjFuSGJ6bStKa1pWbnhKZGFVeG56ZjV1b2dpOFQ4UWZSRUMrCmRaOExwdmIwNi9EZlc4aTJURVUxZkUrSndnNHVZOXErNVZhalhmYlZYTSsvQkxFNzZvUm1hREg3RGQ1S2JCVEEKd0U2bDJFd1pTWjJRbzdNOWdocDdzSTRyWENLTU1rcXpJQkR0aDFwTi9Yc2VZMEdEU016Y2pyNzJXOUVWa0g5aApJb1Q0d3BhMHlPdjdicXBRVlFFQ0F3RUFBYU5aTUZjd0RnWURWUjBQQVFIL0JBUURBZ0trTUE4R0ExVWRFd0VCCi93UUZNQU1CQWY4d0hRWURWUjBPQkJZRUZGckZBUHEzVjBMM0VxZFFoRVRFUld5U3J1U3ZNQlVHQTFVZEVRUU8KTUF5Q0NtdDFZbVZ5Ym1WMFpYTXdEUVlKS29aSWh2Y05BUUVMQlFBRGdnRUJBSVJHVE1tQnAvZzdUVGdJU1BzNQpiNW5OSmZqQjkvS3BmUkdYbjFhSENEc1hWdnB2WkZvMVJTNFJMZnlaNWcxZ0wxemZsQ2Y3RnF0NG1RMEVOcnVNCmtjQWxOaGtPbEZvTWR2QlV6dURlKzhIV0MyY1lQYTBzbmROUE9zTU1leEREYkwxMTZWOTBtYnR1UTFkRVloOGUKWmdPU3pnOVhtOVVhYmh4K2d2cC9kZDdFWkZQSms0R2xWQ3Q4MlpOSUUzNEJkSU5iaFBXaCtvQTc5VU5haEdIbgpQVWx5dDl0bFkzTTdSZTN3RFZVdzFERXhBcE1ydEU5cC9iWkJEa3BETHhsRzRRcHlOM1dTSXFGSGlHVm9yUmhsCmlIZlNTMmlqSTdsdytLVDhQSis3OC90OGQzZXFOZC96MFVQRHZ1UDZadTVUenRQOFRZT0xEWU9LdXdNUTAzMVUKQmZVPQotLS0tLUVORCBDRVJUSUZJQ0FURS0tLS0tCg=="
              }
            ],
            "cluster_id": null,
            "created_at": "2024-01-11 20:58:13.388 +0000 UTC",
            "enabled_cluster_log_types": [],
            "endpoint": "https://5410B4A1123F27E287E9D1E8867105A1.gr7.us-east-1.eks.amazonaws.com",
            "id": "2021-dev-EKS",
            "identity": [
              {
                "oidc": [
                  {
                    "issuer": "https://oidc.eks.us-east-1.amazonaws.com/id/5410B4A1123F27E287E9D1E8867105A1"
                  }
                ]
              }
            ],
            "kubernetes_network_config": [
              {
                "ip_family": "ipv4",
                "service_ipv4_cidr": "10.100.0.0/16",
                "service_ipv6_cidr": ""
              }
            ],
            "name": "2021-dev-EKS",
            "outpost_config": [],
            "platform_version": "eks.15",
            "role_arn": "arn:aws:iam::801455127377:role/2021-dev-EKS-role",
            "status": "ACTIVE",
            "tags": {},
            "version": "1.24",
            "vpc_config": [
              {
                "cluster_security_group_id": "sg-0e4ca255cd20d75b1",
                "endpoint_private_access": false,
                "endpoint_public_access": true,
                "public_access_cidrs": [
                  "0.0.0.0/0"
                ],
                "security_group_ids": [],
                "subnet_ids": [
                  "subnet-01f30edf85a60a513",
                  "subnet-0ca0ba9ab671c5e05"
                ],
                "vpc_id": "vpc-0612a9bc26ade0ba3"
              }
            ]
          },
          "sensitive_attributes": []
        }
      ]
    },
    {
      "mode": "data",
      "type": "aws_subnet",
      "name": "private01",
      "provider": "provider[\"registry.terraform.io/hashicorp/aws\"]",
      "instances": [
        {
          "schema_version": 0,
          "attributes": {
            "arn": "arn:aws:ec2:us-east-1:801455127377:subnet/subnet-04dd78bd725a0162e",
            "assign_ipv6_address_on_creation": false,
            "availability_zone": "us-east-1a",
            "availability_zone_id": "use1-az4",
            "available_ip_address_count": 251,
            "cidr_block": "192.168.3.0/24",
            "customer_owned_ipv4_pool": "",
            "default_for_az": false,
            "enable_dns64": false,
            "enable_lni_at_device_index": 0,
            "enable_resource_name_dns_a_record_on_launch": false,
            "enable_resource_name_dns_aaaa_record_on_launch": false,
            "filter": [
              {
                "name": "tag:Name",
                "values": [
                  "2021-dev-EKS-subnetapp1a"
                ]
              }
            ],
            "id": "subnet-04dd78bd725a0162e",
            "ipv6_cidr_block": "",
            "ipv6_cidr_block_association_id": "",
            "ipv6_native": false,
            "map_customer_owned_ip_on_launch": false,
            "map_public_ip_on_launch": false,
            "outpost_arn": "",
            "owner_id": "801455127377",
            "private_dns_hostname_type_on_launch": "ip-name",
            "state": "available",
            "tags": {
              "AssetID": "2021",
              "AssetName": "Insfrastructure",
              "CreateBy": "Terraform",
              "Environment": "dev",
              "Name": "2021-dev-EKS-subnetapp1a",
              "Project": "EKS",
              "Teams": "DEL",
              "cloudProvider": "aws"
            },
            "timeouts": null,
            "vpc_id": "vpc-0612a9bc26ade0ba3"
          },
          "sensitive_attributes": []
        }
      ]
    },
    {
      "mode": "data",
      "type": "aws_subnet",
      "name": "private02",
      "provider": "provider[\"registry.terraform.io/hashicorp/aws\"]",
      "instances": [
        {
          "schema_version": 0,
          "attributes": {
            "arn": "arn:aws:ec2:us-east-1:801455127377:subnet/subnet-0c112a2e038a4333e",
            "assign_ipv6_address_on_creation": false,
            "availability_zone": "us-east-1b",
            "availability_zone_id": "use1-az6",
            "available_ip_address_count": 233,
            "cidr_block": "192.168.4.0/24",
            "customer_owned_ipv4_pool": "",
            "default_for_az": false,
            "enable_dns64": false,
            "enable_lni_at_device_index": 0,
            "enable_resource_name_dns_a_record_on_launch": false,
            "enable_resource_name_dns_aaaa_record_on_launch": false,
            "filter": [
              {
                "name": "tag:Name",
                "values": [
                  "2021-dev-EKS-subnetapp1b"
                ]
              }
            ],
            "id": "subnet-0c112a2e038a4333e",
            "ipv6_cidr_block": "",
            "ipv6_cidr_block_association_id": "",
            "ipv6_native": false,
            "map_customer_owned_ip_on_launch": false,
            "map_public_ip_on_launch": false,
            "outpost_arn": "",
            "owner_id": "801455127377",
            "private_dns_hostname_type_on_launch": "ip-name",
            "state": "available",
            "tags": {
              "AssetID": "2021",
              "AssetName": "Insfrastructure",
              "CreateBy": "Terraform",
              "Environment": "dev",
              "Name": "2021-dev-EKS-subnetapp1b",
              "Project": "EKS",
              "Teams": "DEL",
              "cloudProvider": "aws"
            },
            "timeouts": null,
            "vpc_id": "vpc-0612a9bc26ade0ba3"
          },
          "sensitive_attributes": []
        }
      ]
    },
    {
      "mode": "data",
      "type": "aws_vpc",
      "name": "vpcproject",
      "provider": "provider[\"registry.terraform.io/hashicorp/aws\"]",
      "instances": [
        {
          "schema_version": 0,
          "attributes": {
            "arn": "arn:aws:ec2:us-east-1:801455127377:vpc/vpc-0612a9bc26ade0ba3",
            "cidr_block": "192.168.0.0/16",
            "cidr_block_associations": [
              {
                "association_id": "vpc-cidr-assoc-0fae44b22d8a0afc9",
                "cidr_block": "192.168.0.0/16",
                "state": "associated"
              }
            ],
            "default": false,
            "dhcp_options_id": "dopt-0b669f17951990306",
            "enable_dns_hostnames": true,
            "enable_dns_support": true,
            "enable_network_address_usage_metrics": false,
            "filter": [
              {
                "name": "tag:Name",
                "values": [
                  "2021-dev-EKS-vpc"
                ]
              }
            ],
            "id": "vpc-0612a9bc26ade0ba3",
            "instance_tenancy": "default",
            "ipv6_association_id": "",
            "ipv6_cidr_block": "",
            "main_route_table_id": "rtb-0095a9408559c5623",
            "owner_id": "801455127377",
            "state": null,
            "tags": {
              "AssetID": "2021",
              "AssetName": "Insfrastructure",
              "CreateBy": "Terraform",
              "Environment": "dev",
              "Name": "2021-dev-EKS-vpc",
              "Project": "EKS",
              "Teams": "DEL",
              "cloudProvider": "aws"
            },
            "timeouts": null
          },
          "sensitive_attributes": []
        }
      ]
    },
    {
      "mode": "managed",
      "type": "aws_eks_node_group",
      "name": "nodes_blue",
      "provider": "provider[\"registry.terraform.io/hashicorp/aws\"]",
      "instances": [
        {
          "schema_version": 0,
          "attributes": {
            "ami_type": "AL2_x86_64",
            "arn": "arn:aws:eks:us-east-1:801455127377:nodegroup/2021-dev-EKS/nodeblue/90c67d3c-6729-f4ef-2046-e1397d8eefd0",
            "capacity_type": "ON_DEMAND",
            "cluster_name": "2021-dev-EKS",
            "disk_size": 20,
            "force_update_version": false,
            "id": "2021-dev-EKS:nodeblue",
            "instance_types": [
              "t2.medium"
            ],
            "labels": {
              "alpha": "guru",
              "name": "nodeblue"
            },
            "launch_template": [],
            "node_group_name": "nodeblue",
            "node_group_name_prefix": "",
            "node_role_arn": "arn:aws:iam::801455127377:role/eks-node-group-general1",
            "release_version": "1.24.17-20231230",
            "remote_access": [
              {
                "ec2_ssh_key": "devops",
                "source_security_group_ids": []
              }
            ],
            "resources": [
              {
                "autoscaling_groups": [
                  {
                    "name": "eks-nodeblue-90c67d3c-6729-f4ef-2046-e1397d8eefd0"
                  }
                ],
                "remote_access_security_group_id": "sg-0642b99832963379a"
              }
            ],
            "scaling_config": [
              {
                "desired_size": 1,
                "max_size": 5,
                "min_size": 1
              }
            ],
            "status": "ACTIVE",
            "subnet_ids": [
              "subnet-04dd78bd725a0162e",
              "subnet-0c112a2e038a4333e"
            ],
            "tags": {},
            "tags_all": {},
            "taint": [],
            "timeouts": null,
            "update_config": [
              {
                "max_unavailable": 1,
                "max_unavailable_percentage": 0
              }
            ],
            "version": "1.24"
          },
          "sensitive_attributes": [],
          "private": "eyJlMmJmYjczMC1lY2FhLTExZTYtOGY4OC0zNDM2M2JjN2M0YzAiOnsiY3JlYXRlIjozNjAwMDAwMDAwMDAwLCJkZWxldGUiOjM2MDAwMDAwMDAwMDAsInVwZGF0ZSI6MzYwMDAwMDAwMDAwMH19",
          "dependencies": [
            "aws_iam_role.nodes_general1",
            "aws_iam_role_policy_attachment.amazon_ec2_container_registry_read_only1",
            "aws_iam_role_policy_attachment.amazon_eks_cni_policy_general1",
            "aws_iam_role_policy_attachment.amazon_eks_worker_node_policy_general1",
            "data.aws_subnet.private01",
            "data.aws_subnet.private02"
          ]
        }
      ]
    },
    {
      "mode": "managed",
      "type": "aws_iam_role",
      "name": "nodes_general1",
      "provider": "provider[\"registry.terraform.io/hashicorp/aws\"]",
      "instances": [
        {
          "schema_version": 0,
          "attributes": {
            "arn": "arn:aws:iam::801455127377:role/eks-node-group-general1",
            "assume_role_policy": "{\"Statement\":[{\"Action\":\"sts:AssumeRole\",\"Effect\":\"Allow\",\"Principal\":{\"Service\":\"ec2.amazonaws.com\"}}],\"Version\":\"2012-10-17\"}",
            "create_date": "2024-01-11T21:26:12Z",
            "description": "",
            "force_detach_policies": false,
            "id": "eks-node-group-general1",
            "inline_policy": [],
            "managed_policy_arns": [
              "arn:aws:iam::aws:policy/AmazonEC2ContainerRegistryReadOnly",
              "arn:aws:iam::aws:policy/AmazonEKSWorkerNodePolicy",
              "arn:aws:iam::aws:policy/AmazonEKS_CNI_Policy"
            ],
            "max_session_duration": 3600,
            "name": "eks-node-group-general1",
            "name_prefix": "",
            "path": "/",
            "permissions_boundary": null,
            "tags": {},
            "tags_all": {},
            "unique_id": "AROA3VGTSXNIRWY6VBA4N"
          },
          "sensitive_attributes": [],
          "private": "bnVsbA=="
        }
      ]
    },
    {
      "mode": "managed",
      "type": "aws_iam_role_policy_attachment",
      "name": "amazon_ec2_container_registry_read_only1",
      "provider": "provider[\"registry.terraform.io/hashicorp/aws\"]",
      "instances": [
        {
          "schema_version": 0,
          "attributes": {
            "id": "eks-node-group-general1-20240111212614224200000002",
            "policy_arn": "arn:aws:iam::aws:policy/AmazonEC2ContainerRegistryReadOnly",
            "role": "eks-node-group-general1"
          },
          "sensitive_attributes": [],
          "private": "bnVsbA==",
          "dependencies": [
            "aws_iam_role.nodes_general1"
          ]
        }
      ]
    },
    {
      "mode": "managed",
      "type": "aws_iam_role_policy_attachment",
      "name": "amazon_eks_cni_policy_general1",
      "provider": "provider[\"registry.terraform.io/hashicorp/aws\"]",
      "instances": [
        {
          "schema_version": 0,
          "attributes": {
            "id": "eks-node-group-general1-20240111212614420100000003",
            "policy_arn": "arn:aws:iam::aws:policy/AmazonEKS_CNI_Policy",
            "role": "eks-node-group-general1"
          },
          "sensitive_attributes": [],
          "private": "bnVsbA==",
          "dependencies": [
            "aws_iam_role.nodes_general1"
          ]
        }
      ]
    },
    {
      "mode": "managed",
      "type": "aws_iam_role_policy_attachment",
      "name": "amazon_eks_worker_node_policy_general1",
      "provider": "provider[\"registry.terraform.io/hashicorp/aws\"]",
      "instances": [
        {
          "schema_version": 0,
          "attributes": {
            "id": "eks-node-group-general1-20240111212613908800000001",
            "policy_arn": "arn:aws:iam::aws:policy/AmazonEKSWorkerNodePolicy",
            "role": "eks-node-group-general1"
          },
          "sensitive_attributes": [],
          "private": "bnVsbA==",
          "dependencies": [
            "aws_iam_role.nodes_general1"
          ]
        }
      ]
    }
  ],
  "check_results": null
}
