{
  "version": 4,
  "terraform_version": "1.4.5",
  "serial": 193,
  "lineage": "df8d4bb8-f48b-0bf9-7db2-94cfa5a8e904",
  "outputs": {},
  "resources": [
    {
      "mode": "data",
      "type": "aws_subnet",
      "name": "public01",
      "provider": "provider[\"registry.terraform.io/hashicorp/aws\"]",
      "instances": [
        {
          "schema_version": 0,
          "attributes": {
            "arn": "arn:aws:ec2:us-east-1:801455127377:subnet/subnet-01f30edf85a60a513",
            "assign_ipv6_address_on_creation": false,
            "availability_zone": "us-east-1a",
            "availability_zone_id": "use1-az4",
            "available_ip_address_count": 249,
            "cidr_block": "192.168.1.0/24",
            "customer_owned_ipv4_pool": "",
            "default_for_az": false,
            "enable_dns64": false,
            "enable_lni_at_device_index": 0,
            "enable_resource_name_dns_a_record_on_launch": false,
            "enable_resource_name_dns_aaaa_record_on_launch": false,
            "filter": [
              {
                "name": "tag:Name",
                "values": [
                  "2021-dev-EKS-subnetweb1a"
                ]
              }
            ],
            "id": "subnet-01f30edf85a60a513",
            "ipv6_cidr_block": "",
            "ipv6_cidr_block_association_id": "",
            "ipv6_native": false,
            "map_customer_owned_ip_on_launch": false,
            "map_public_ip_on_launch": true,
            "outpost_arn": "",
            "owner_id": "801455127377",
            "private_dns_hostname_type_on_launch": "ip-name",
            "state": "available",
            "tags": {
              "AssetID": "2021",
              "AssetName": "Insfrastructure",
              "CreateBy": "Terraform",
              "Environment": "dev",
              "Name": "2021-dev-EKS-subnetweb1a",
              "Project": "EKS",
              "Teams": "DEL",
              "cloudProvider": "aws"
            },
            "timeouts": null,
            "vpc_id": "vpc-0612a9bc26ade0ba3"
          },
          "sensitive_attributes": []
        }
      ]
    },
    {
      "mode": "data",
      "type": "aws_subnet",
      "name": "public02",
      "provider": "provider[\"registry.terraform.io/hashicorp/aws\"]",
      "instances": [
        {
          "schema_version": 0,
          "attributes": {
            "arn": "arn:aws:ec2:us-east-1:801455127377:subnet/subnet-0ca0ba9ab671c5e05",
            "assign_ipv6_address_on_creation": false,
            "availability_zone": "us-east-1b",
            "availability_zone_id": "use1-az6",
            "available_ip_address_count": 249,
            "cidr_block": "192.168.2.0/24",
            "customer_owned_ipv4_pool": "",
            "default_for_az": false,
            "enable_dns64": false,
            "enable_lni_at_device_index": 0,
            "enable_resource_name_dns_a_record_on_launch": false,
            "enable_resource_name_dns_aaaa_record_on_launch": false,
            "filter": [
              {
                "name": "tag:Name",
                "values": [
                  "2021-dev-EKS-subnetweb1b"
                ]
              }
            ],
            "id": "subnet-0ca0ba9ab671c5e05",
            "ipv6_cidr_block": "",
            "ipv6_cidr_block_association_id": "",
            "ipv6_native": false,
            "map_customer_owned_ip_on_launch": false,
            "map_public_ip_on_launch": true,
            "outpost_arn": "",
            "owner_id": "801455127377",
            "private_dns_hostname_type_on_launch": "ip-name",
            "state": "available",
            "tags": {
              "AssetID": "2021",
              "AssetName": "Insfrastructure",
              "CreateBy": "Terraform",
              "Environment": "dev",
              "Name": "2021-dev-EKS-subnetweb1b",
              "Project": "EKS",
              "Teams": "DEL",
              "cloudProvider": "aws"
            },
            "timeouts": null,
            "vpc_id": "vpc-0612a9bc26ade0ba3"
          },
          "sensitive_attributes": []
        }
      ]
    },
    {
      "mode": "managed",
      "type": "aws_eks_cluster",
      "name": "eks",
      "provider": "provider[\"registry.terraform.io/hashicorp/aws\"]",
      "instances": [
        {
          "schema_version": 0,
          "attributes": {
            "arn": "arn:aws:eks:us-east-1:801455127377:cluster/2021-dev-EKS",
            "certificate_authority": [
              {
                "data": "LS0tLS1CRUdJTiBDRVJUSUZJQ0FURS0tLS0tCk1JSUMvakNDQWVhZ0F3SUJBZ0lCQURBTkJna3Foa2lHOXcwQkFRc0ZBREFWTVJNd0VRWURWUVFERXdwcmRXSmwKY201bGRHVnpNQjRYRFRJME1ERXhNVEl4TURNMU5Gb1hEVE0wTURFd09ESXhNRE0xTkZvd0ZURVRNQkVHQTFVRQpBeE1LYTNWaVpYSnVaWFJsY3pDQ0FTSXdEUVlKS29aSWh2Y05BUUVCQlFBRGdnRVBBRENDQVFvQ2dnRUJBSmEyCjVXVHBPUmk4M0YxUlhzSHBzVnU5RUlNUW1ROFVGek1CVWNjYUx4MnViUGd4UnllTnpTMDV2TjhmYU0yNUxsclIKckE1YjZ4VG5SNVVBb015TDZMTEhCSVpmcGlHRTBjWkVGTzBERFZRU08yUS9wRGw5cTRubE9KRytldDBGQ01XbgpSYWpwVmxzUUtBSFpNRkhjM0tVbVJFMFZ2eGNEcjFuSGJ6bStKa1pWbnhKZGFVeG56ZjV1b2dpOFQ4UWZSRUMrCmRaOExwdmIwNi9EZlc4aTJURVUxZkUrSndnNHVZOXErNVZhalhmYlZYTSsvQkxFNzZvUm1hREg3RGQ1S2JCVEEKd0U2bDJFd1pTWjJRbzdNOWdocDdzSTRyWENLTU1rcXpJQkR0aDFwTi9Yc2VZMEdEU016Y2pyNzJXOUVWa0g5aApJb1Q0d3BhMHlPdjdicXBRVlFFQ0F3RUFBYU5aTUZjd0RnWURWUjBQQVFIL0JBUURBZ0trTUE4R0ExVWRFd0VCCi93UUZNQU1CQWY4d0hRWURWUjBPQkJZRUZGckZBUHEzVjBMM0VxZFFoRVRFUld5U3J1U3ZNQlVHQTFVZEVRUU8KTUF5Q0NtdDFZbVZ5Ym1WMFpYTXdEUVlKS29aSWh2Y05BUUVMQlFBRGdnRUJBSVJHVE1tQnAvZzdUVGdJU1BzNQpiNW5OSmZqQjkvS3BmUkdYbjFhSENEc1hWdnB2WkZvMVJTNFJMZnlaNWcxZ0wxemZsQ2Y3RnF0NG1RMEVOcnVNCmtjQWxOaGtPbEZvTWR2QlV6dURlKzhIV0MyY1lQYTBzbmROUE9zTU1leEREYkwxMTZWOTBtYnR1UTFkRVloOGUKWmdPU3pnOVhtOVVhYmh4K2d2cC9kZDdFWkZQSms0R2xWQ3Q4MlpOSUUzNEJkSU5iaFBXaCtvQTc5VU5haEdIbgpQVWx5dDl0bFkzTTdSZTN3RFZVdzFERXhBcE1ydEU5cC9iWkJEa3BETHhsRzRRcHlOM1dTSXFGSGlHVm9yUmhsCmlIZlNTMmlqSTdsdytLVDhQSis3OC90OGQzZXFOZC96MFVQRHZ1UDZadTVUenRQOFRZT0xEWU9LdXdNUTAzMVUKQmZVPQotLS0tLUVORCBDRVJUSUZJQ0FURS0tLS0tCg=="
              }
            ],
            "cluster_id": null,
            "created_at": "2024-01-11 20:58:13.388 +0000 UTC",
            "enabled_cluster_log_types": [],
            "encryption_config": [],
            "endpoint": "https://5410B4A1123F27E287E9D1E8867105A1.gr7.us-east-1.eks.amazonaws.com",
            "id": "2021-dev-EKS",
            "identity": [
              {
                "oidc": [
                  {
                    "issuer": "https://oidc.eks.us-east-1.amazonaws.com/id/5410B4A1123F27E287E9D1E8867105A1"
                  }
                ]
              }
            ],
            "kubernetes_network_config": [
              {
                "ip_family": "ipv4",
                "service_ipv4_cidr": "10.100.0.0/16",
                "service_ipv6_cidr": ""
              }
            ],
            "name": "2021-dev-EKS",
            "outpost_config": [],
            "platform_version": "eks.15",
            "role_arn": "arn:aws:iam::801455127377:role/2021-dev-EKS-role",
            "status": "ACTIVE",
            "tags": {},
            "tags_all": {},
            "timeouts": null,
            "version": "1.24",
            "vpc_config": [
              {
                "cluster_security_group_id": "sg-0e4ca255cd20d75b1",
                "endpoint_private_access": false,
                "endpoint_public_access": true,
                "public_access_cidrs": [
                  "0.0.0.0/0"
                ],
                "security_group_ids": [],
                "subnet_ids": [
                  "subnet-01f30edf85a60a513",
                  "subnet-0ca0ba9ab671c5e05"
                ],
                "vpc_id": "vpc-0612a9bc26ade0ba3"
              }
            ]
          },
          "sensitive_attributes": [],
          "private": "eyJlMmJmYjczMC1lY2FhLTExZTYtOGY4OC0zNDM2M2JjN2M0YzAiOnsiY3JlYXRlIjoxODAwMDAwMDAwMDAwLCJkZWxldGUiOjkwMDAwMDAwMDAwMCwidXBkYXRlIjozNjAwMDAwMDAwMDAwfX0=",
          "dependencies": [
            "aws_iam_role.eks_cluster",
            "aws_iam_role_policy_attachment.amazon_eks_cluster_policy",
            "data.aws_subnet.public01",
            "data.aws_subnet.public02"
          ]
        }
      ]
    },
    {
      "mode": "managed",
      "type": "aws_iam_role",
      "name": "eks_cluster",
      "provider": "provider[\"registry.terraform.io/hashicorp/aws\"]",
      "instances": [
        {
          "schema_version": 0,
          "attributes": {
            "arn": "arn:aws:iam::801455127377:role/2021-dev-EKS-role",
            "assume_role_policy": "{\"Statement\":[{\"Action\":\"sts:AssumeRole\",\"Effect\":\"Allow\",\"Principal\":{\"Service\":\"eks.amazonaws.com\"}}],\"Version\":\"2012-10-17\"}",
            "create_date": "2024-01-11T20:58:09Z",
            "description": "",
            "force_detach_policies": false,
            "id": "2021-dev-EKS-role",
            "inline_policy": [],
            "managed_policy_arns": [
              "arn:aws:iam::aws:policy/AmazonEKSClusterPolicy"
            ],
            "max_session_duration": 3600,
            "name": "2021-dev-EKS-role",
            "name_prefix": "",
            "path": "/",
            "permissions_boundary": null,
            "role_last_used": [
              {
                "last_used_date": "2024-01-11T22:04:30Z",
                "region": "us-east-1"
              }
            ],
            "tags": {},
            "tags_all": {},
            "unique_id": "AROA3VGTSXNI6VHTULUCF"
          },
          "sensitive_attributes": [],
          "private": "bnVsbA=="
        }
      ]
    },
    {
      "mode": "managed",
      "type": "aws_iam_role_policy_attachment",
      "name": "amazon_eks_cluster_policy",
      "provider": "provider[\"registry.terraform.io/hashicorp/aws\"]",
      "instances": [
        {
          "schema_version": 0,
          "attributes": {
            "id": "2021-dev-EKS-role-20240111205810900800000001",
            "policy_arn": "arn:aws:iam::aws:policy/AmazonEKSClusterPolicy",
            "role": "2021-dev-EKS-role"
          },
          "sensitive_attributes": [],
          "private": "bnVsbA==",
          "dependencies": [
            "aws_iam_role.eks_cluster"
          ]
        }
      ]
    }
  ],
  "check_results": null
}
